
Microsoft Visual Studio Solution File, Format Version 12.00
# Visual Studio 15
VisualStudioVersion = 15.0.27703.2042
MinimumVisualStudioVersion = 10.0.40219.1
Project("{FAE04EC0-301F-11D3-BF4B-00C04F79EFBC}") = "MineSweeper", "MineSweeper\MineSweeper.csproj", "{8F4EA434-1EA5-4593-AEDD-6E1A7C21DFC7}"
EndProject
Global
	GlobalSection(SolutionConfigurationPlatforms) = preSolution
		Debug|Any CPU = Debug|Any CPU
		Release|Any CPU = Release|Any CPU
	EndGlobalSection
	GlobalSection(ProjectConfigurationPlatforms) = postSolution
		{8F4EA434-1EA5-4593-AEDD-6E1A7C21DFC7}.Debug|Any CPU.ActiveCfg = Debug|Any CPU
		{8F4EA434-1EA5-4593-AEDD-6E1A7C21DFC7}.Debug|Any CPU.Build.0 = Debug|Any CPU
		{8F4EA434-1EA5-4593-AEDD-6E1A7C21DFC7}.Release|Any CPU.ActiveCfg = Release|Any CPU
		{8F4EA434-1EA5-4593-AEDD-6E1A7C21DFC7}.Release|Any CPU.Build.0 = Release|Any CPU
	EndGlobalSection
	GlobalSection(SolutionProperties) = preSolution
		HideSolutionNode = FALSE
	EndGlobalSection
	GlobalSection(ExtensibilityGlobals) = postSolution
		SolutionGuid = {9F5AB734-AEE3-45F3-BC58-59CF3762C7E1}
	EndGlobalSection
EndGlobal
